
Microsoft Visual Studio Solution File, Format Version 12.00
# Visual Studio Version 17
VisualStudioVersion = 17.11.35312.102
MinimumVisualStudioVersion = 10.0.40219.1
Project("{FAE04EC0-301F-11D3-BF4B-00C04F79EFBC}") = "WebApiWithStoredProcedure", "WebApiWithStoredProcedure\WebApiWithStoredProcedure.csproj", "{F8B2D544-F83E-4B20-BF4B-DEC0E20FA51B}"
EndProject
Global
	GlobalSection(SolutionConfigurationPlatforms) = preSolution
		Debug|Any CPU = Debug|Any CPU
		Release|Any CPU = Release|Any CPU
	EndGlobalSection
	GlobalSection(ProjectConfigurationPlatforms) = postSolution
		{F8B2D544-F83E-4B20-BF4B-DEC0E20FA51B}.Debug|Any CPU.ActiveCfg = Debug|Any CPU
		{F8B2D544-F83E-4B20-BF4B-DEC0E20FA51B}.Debug|Any CPU.Build.0 = Debug|Any CPU
		{F8B2D544-F83E-4B20-BF4B-DEC0E20FA51B}.Release|Any CPU.ActiveCfg = Release|Any CPU
		{F8B2D544-F83E-4B20-BF4B-DEC0E20FA51B}.Release|Any CPU.Build.0 = Release|Any CPU
	EndGlobalSection
	GlobalSection(SolutionProperties) = preSolution
		HideSolutionNode = FALSE
	EndGlobalSection
	GlobalSection(ExtensibilityGlobals) = postSolution
		SolutionGuid = {7A5D4BD5-CD80-4A52-A600-4AE4F6128B1A}
	EndGlobalSection
EndGlobal
